// !$*UTF8*$!
{
	archiveVersion = 1;
	classes = {
	};
	objectVersion = 45;
	objects = {

/* Begin PBXBuildFile section */
		1D3623260D0F684500981E51 /* AirPresentAppDelegate.m in Sources */ = {isa = PBXBuildFile; fileRef = 1D3623250D0F684500981E51 /* AirPresentAppDelegate.m */; };
		1D60589B0D05DD56006BFB54 /* main.m in Sources */ = {isa = PBXBuildFile; fileRef = 29B97316FDCFA39411CA2CEA /* main.m */; };
		1D60589F0D05DD5A006BFB54 /* Foundation.framework in Frameworks */ = {isa = PBXBuildFile; fileRef = 1D30AB110D05D00D00671497 /* Foundation.framework */; };
		1DF5F4E00D08C38300B7A737 /* UIKit.framework in Frameworks */ = {isa = PBXBuildFile; fileRef = 1DF5F4DF0D08C38300B7A737 /* UIKit.framework */; };
		1FA8743E12EB4A540002D169 /* AKAirplayManager.m in Sources */ = {isa = PBXBuildFile; fileRef = 1FA8743812EB4A540002D169 /* AKAirplayManager.m */; };
		1FA8743F12EB4A540002D169 /* AKDevice.m in Sources */ = {isa = PBXBuildFile; fileRef = 1FA8743A12EB4A540002D169 /* AKDevice.m */; };
		1FA8744012EB4A540002D169 /* AsyncSocket.m in Sources */ = {isa = PBXBuildFile; fileRef = 1FA8743D12EB4A540002D169 /* AsyncSocket.m */; };
		1FA8744712EB4A970002D169 /* UIApplication+AirPresent.m in Sources */ = {isa = PBXBuildFile; fileRef = 1FA8744612EB4A970002D169 /* UIApplication+AirPresent.m */; };
		1FA8745312EB4AC90002D169 /* CFNetwork.framework in Frameworks */ = {isa = PBXBuildFile; fileRef = 1FA8745212EB4AC90002D169 /* CFNetwork.framework */; };
		1FA8747312EB4BA50002D169 /* QuartzCore.framework in Frameworks */ = {isa = PBXBuildFile; fileRef = 1FA8747212EB4BA50002D169 /* QuartzCore.framework */; };
		288765A50DF7441C002DB57D /* CoreGraphics.framework in Frameworks */ = {isa = PBXBuildFile; fileRef = 288765A40DF7441C002DB57D /* CoreGraphics.framework */; };
		2899E5220DE3E06400AC0155 /* AirPresentViewController.xib in Resources */ = {isa = PBXBuildFile; fileRef = 2899E5210DE3E06400AC0155 /* AirPresentViewController.xib */; };
		28AD733F0D9D9553002E5188 /* MainWindow.xib in Resources */ = {isa = PBXBuildFile; fileRef = 28AD733E0D9D9553002E5188 /* MainWindow.xib */; };
		28D7ACF80DDB3853001CB0EB /* AirPresentViewController.m in Sources */ = {isa = PBXBuildFile; fileRef = 28D7ACF70DDB3853001CB0EB /* AirPresentViewController.m */; };
/* End PBXBuildFile section */

/* Begin PBXFileReference section */
		1D30AB110D05D00D00671497 /* Foundation.framework */ = {isa = PBXFileReference; lastKnownFileType = wrapper.framework; name = Foundation.framework; path = System/Library/Frameworks/Foundation.framework; sourceTree = SDKROOT; };
		1D3623240D0F684500981E51 /* AirPresentAppDelegate.h */ = {isa = PBXFileReference; fileEncoding = 4; lastKnownFileType = sourcecode.c.h; path = AirPresentAppDelegate.h; sourceTree = "<group>"; };
		1D3623250D0F684500981E51 /* AirPresentAppDelegate.m */ = {isa = PBXFileReference; fileEncoding = 4; lastKnownFileType = sourcecode.c.objc; path = AirPresentAppDelegate.m; sourceTree = "<group>"; };
		1D6058910D05DD3D006BFB54 /* AirPresent.app */ = {isa = PBXFileReference; explicitFileType = wrapper.application; includeInIndex = 0; path = AirPresent.app; sourceTree = BUILT_PRODUCTS_DIR; };
		1DF5F4DF0D08C38300B7A737 /* UIKit.framework */ = {isa = PBXFileReference; lastKnownFileType = wrapper.framework; name = UIKit.framework; path = System/Library/Frameworks/UIKit.framework; sourceTree = SDKROOT; };
		1FA8743712EB4A540002D169 /* AKAirplayManager.h */ = {isa = PBXFileReference; fileEncoding = 4; lastKnownFileType = sourcecode.c.h; name = AKAirplayManager.h; path = ../iOS/AirplayKit/AKAirplayManager.h; sourceTree = SOURCE_ROOT; };
		1FA8743812EB4A540002D169 /* AKAirplayManager.m */ = {isa = PBXFileReference; fileEncoding = 4; lastKnownFileType = sourcecode.c.objc; name = AKAirplayManager.m; path = ../iOS/AirplayKit/AKAirplayManager.m; sourceTree = SOURCE_ROOT; };
		1FA8743912EB4A540002D169 /* AKDevice.h */ = {isa = PBXFileReference; fileEncoding = 4; lastKnownFileType = sourcecode.c.h; name = AKDevice.h; path = ../iOS/AirplayKit/AKDevice.h; sourceTree = SOURCE_ROOT; };
		1FA8743A12EB4A540002D169 /* AKDevice.m */ = {isa = PBXFileReference; fileEncoding = 4; lastKnownFileType = sourcecode.c.objc; name = AKDevice.m; path = ../iOS/AirplayKit/AKDevice.m; sourceTree = SOURCE_ROOT; };
		1FA8743C12EB4A540002D169 /* AsyncSocket.h */ = {isa = PBXFileReference; fileEncoding = 4; lastKnownFileType = sourcecode.c.h; name = AsyncSocket.h; path = ../iOS/AirplayKit/Sockets/AsyncSocket.h; sourceTree = SOURCE_ROOT; };
		1FA8743D12EB4A540002D169 /* AsyncSocket.m */ = {isa = PBXFileReference; fileEncoding = 4; lastKnownFileType = sourcecode.c.objc; name = AsyncSocket.m; path = ../iOS/AirplayKit/Sockets/AsyncSocket.m; sourceTree = SOURCE_ROOT; };
		1FA8744512EB4A970002D169 /* UIApplication+AirPresent.h */ = {isa = PBXFileReference; fileEncoding = 4; lastKnownFileType = sourcecode.c.h; name = "UIApplication+AirPresent.h"; path = "AirPresent/UIApplication+AirPresent.h"; sourceTree = SOURCE_ROOT; };
		1FA8744612EB4A970002D169 /* UIApplication+AirPresent.m */ = {isa = PBXFileReference; fileEncoding = 4; lastKnownFileType = sourcecode.c.objc; name = "UIApplication+AirPresent.m"; path = "AirPresent/UIApplication+AirPresent.m"; sourceTree = SOURCE_ROOT; };
		1FA8745212EB4AC90002D169 /* CFNetwork.framework */ = {isa = PBXFileReference; lastKnownFileType = wrapper.framework; name = CFNetwork.framework; path = System/Library/Frameworks/CFNetwork.framework; sourceTree = SDKROOT; };
		1FA8747212EB4BA50002D169 /* QuartzCore.framework */ = {isa = PBXFileReference; lastKnownFileType = wrapper.framework; name = QuartzCore.framework; path = System/Library/Frameworks/QuartzCore.framework; sourceTree = SDKROOT; };
		288765A40DF7441C002DB57D /* CoreGraphics.framework */ = {isa = PBXFileReference; lastKnownFileType = wrapper.framework; name = CoreGraphics.framework; path = System/Library/Frameworks/CoreGraphics.framework; sourceTree = SDKROOT; };
		2899E5210DE3E06400AC0155 /* AirPresentViewController.xib */ = {isa = PBXFileReference; lastKnownFileType = file.xib; path = AirPresentViewController.xib; sourceTree = "<group>"; };
		28AD733E0D9D9553002E5188 /* MainWindow.xib */ = {isa = PBXFileReference; lastKnownFileType = file.xib; path = MainWindow.xib; sourceTree = "<group>"; };
		28D7ACF60DDB3853001CB0EB /* AirPresentViewController.h */ = {isa = PBXFileReference; fileEncoding = 4; lastKnownFileType = sourcecode.c.h; path = AirPresentViewController.h; sourceTree = "<group>"; };
		28D7ACF70DDB3853001CB0EB /* AirPresentViewController.m */ = {isa = PBXFileReference; fileEncoding = 4; lastKnownFileType = sourcecode.c.objc; path = AirPresentViewController.m; sourceTree = "<group>"; };
		29B97316FDCFA39411CA2CEA /* main.m */ = {isa = PBXFileReference; fileEncoding = 4; lastKnownFileType = sourcecode.c.objc; path = main.m; sourceTree = "<group>"; };
		32CA4F630368D1EE00C91783 /* AirPresent_Prefix.pch */ = {isa = PBXFileReference; fileEncoding = 4; lastKnownFileType = sourcecode.c.h; path = AirPresent_Prefix.pch; sourceTree = "<group>"; };
		8D1107310486CEB800E47090 /* AirPresent-Info.plist */ = {isa = PBXFileReference; fileEncoding = 4; lastKnownFileType = text.plist.xml; path = "AirPresent-Info.plist"; plistStructureDefinitionIdentifier = "com.apple.xcode.plist.structure-definition.iphone.info-plist"; sourceTree = "<group>"; };
/* End PBXFileReference section */

/* Begin PBXFrameworksBuildPhase section */
		1D60588F0D05DD3D006BFB54 /* Frameworks */ = {
			isa = PBXFrameworksBuildPhase;
			buildActionMask = 2147483647;
			files = (
				1D60589F0D05DD5A006BFB54 /* Foundation.framework in Frameworks */,
				1DF5F4E00D08C38300B7A737 /* UIKit.framework in Frameworks */,
				288765A50DF7441C002DB57D /* CoreGraphics.framework in Frameworks */,
				1FA8745312EB4AC90002D169 /* CFNetwork.framework in Frameworks */,
				1FA8747312EB4BA50002D169 /* QuartzCore.framework in Frameworks */,
			);
			runOnlyForDeploymentPostprocessing = 0;
		};
/* End PBXFrameworksBuildPhase section */

/* Begin PBXGroup section */
		080E96DDFE201D6D7F000001 /* Classes */ = {
			isa = PBXGroup;
			children = (
				1FA8744412EB4A760002D169 /* AirPresent */,
				1FA8743612EB4A540002D169 /* AirplayKit */,
				1D3623240D0F684500981E51 /* AirPresentAppDelegate.h */,
				1D3623250D0F684500981E51 /* AirPresentAppDelegate.m */,
				28D7ACF60DDB3853001CB0EB /* AirPresentViewController.h */,
				28D7ACF70DDB3853001CB0EB /* AirPresentViewController.m */,
			);
			path = Classes;
			sourceTree = "<group>";
		};
		19C28FACFE9D520D11CA2CBB /* Products */ = {
			isa = PBXGroup;
			children = (
				1D6058910D05DD3D006BFB54 /* AirPresent.app */,
			);
			name = Products;
			sourceTree = "<group>";
		};
		1FA8743612EB4A540002D169 /* AirplayKit */ = {
			isa = PBXGroup;
			children = (
				1FA8743712EB4A540002D169 /* AKAirplayManager.h */,
				1FA8743812EB4A540002D169 /* AKAirplayManager.m */,
				1FA8743912EB4A540002D169 /* AKDevice.h */,
				1FA8743A12EB4A540002D169 /* AKDevice.m */,
				1FA8743B12EB4A540002D169 /* Sockets */,
			);
			name = AirplayKit;
			path = ../iOS/AirplayKit;
			sourceTree = SOURCE_ROOT;
		};
		1FA8743B12EB4A540002D169 /* Sockets */ = {
			isa = PBXGroup;
			children = (
				1FA8743C12EB4A540002D169 /* AsyncSocket.h */,
				1FA8743D12EB4A540002D169 /* AsyncSocket.m */,
			);
			name = Sockets;
			path = ../iOS/AirplayKit/Sockets;
			sourceTree = SOURCE_ROOT;
		};
		1FA8744412EB4A760002D169 /* AirPresent */ = {
			isa = PBXGroup;
			children = (
				1FA8744512EB4A970002D169 /* UIApplication+AirPresent.h */,
				1FA8744612EB4A970002D169 /* UIApplication+AirPresent.m */,
			);
			name = AirPresent;
			sourceTree = "<group>";
		};
		29B97314FDCFA39411CA2CEA /* CustomTemplate */ = {
			isa = PBXGroup;
			children = (
				080E96DDFE201D6D7F000001 /* Classes */,
				29B97315FDCFA39411CA2CEA /* Other Sources */,
				29B97317FDCFA39411CA2CEA /* Resources */,
				29B97323FDCFA39411CA2CEA /* Frameworks */,
				19C28FACFE9D520D11CA2CBB /* Products */,
			);
			name = CustomTemplate;
			sourceTree = "<group>";
		};
		29B97315FDCFA39411CA2CEA /* Other Sources */ = {
			isa = PBXGroup;
			children = (
				32CA4F630368D1EE00C91783 /* AirPresent_Prefix.pch */,
				29B97316FDCFA39411CA2CEA /* main.m */,
			);
			name = "Other Sources";
			sourceTree = "<group>";
		};
		29B97317FDCFA39411CA2CEA /* Resources */ = {
			isa = PBXGroup;
			children = (
				2899E5210DE3E06400AC0155 /* AirPresentViewController.xib */,
				28AD733E0D9D9553002E5188 /* MainWindow.xib */,
				8D1107310486CEB800E47090 /* AirPresent-Info.plist */,
			);
			name = Resources;
			sourceTree = "<group>";
		};
		29B97323FDCFA39411CA2CEA /* Frameworks */ = {
			isa = PBXGroup;
			children = (
				1FA8747212EB4BA50002D169 /* QuartzCore.framework */,
				1FA8745212EB4AC90002D169 /* CFNetwork.framework */,
				1DF5F4DF0D08C38300B7A737 /* UIKit.framework */,
				1D30AB110D05D00D00671497 /* Foundation.framework */,
				288765A40DF7441C002DB57D /* CoreGraphics.framework */,
			);
			name = Frameworks;
			sourceTree = "<group>";
		};
/* End PBXGroup section */

/* Begin PBXNativeTarget section */
		1D6058900D05DD3D006BFB54 /* AirPresent */ = {
			isa = PBXNativeTarget;
			buildConfigurationList = 1D6058960D05DD3E006BFB54 /* Build configuration list for PBXNativeTarget "AirPresent" */;
			buildPhases = (
				1D60588D0D05DD3D006BFB54 /* Resources */,
				1D60588E0D05DD3D006BFB54 /* Sources */,
				1D60588F0D05DD3D006BFB54 /* Frameworks */,
			);
			buildRules = (
			);
			dependencies = (
			);
			name = AirPresent;
			productName = AirPresent;
			productReference = 1D6058910D05DD3D006BFB54 /* AirPresent.app */;
			productType = "com.apple.product-type.application";
		};
/* End PBXNativeTarget section */

/* Begin PBXProject section */
		29B97313FDCFA39411CA2CEA /* Project object */ = {
			isa = PBXProject;
			buildConfigurationList = C01FCF4E08A954540054247B /* Build configuration list for PBXProject "AirPresent" */;
			compatibilityVersion = "Xcode 3.1";
			developmentRegion = English;
			hasScannedForEncodings = 1;
			knownRegions = (
				English,
				Japanese,
				French,
				German,
			);
			mainGroup = 29B97314FDCFA39411CA2CEA /* CustomTemplate */;
			projectDirPath = "";
			projectRoot = "";
			targets = (
				1D6058900D05DD3D006BFB54 /* AirPresent */,
			);
		};
/* End PBXProject section */

/* Begin PBXResourcesBuildPhase section */
		1D60588D0D05DD3D006BFB54 /* Resources */ = {
			isa = PBXResourcesBuildPhase;
			buildActionMask = 2147483647;
			files = (
				28AD733F0D9D9553002E5188 /* MainWindow.xib in Resources */,
				2899E5220DE3E06400AC0155 /* AirPresentViewController.xib in Resources */,
			);
			runOnlyForDeploymentPostprocessing = 0;
		};
/* End PBXResourcesBuildPhase section */

/* Begin PBXSourcesBuildPhase section */
		1D60588E0D05DD3D006BFB54 /* Sources */ = {
			isa = PBXSourcesBuildPhase;
			buildActionMask = 2147483647;
			files = (
				1D60589B0D05DD56006BFB54 /* main.m in Sources */,
				1D3623260D0F684500981E51 /* AirPresentAppDelegate.m in Sources */,
				28D7ACF80DDB3853001CB0EB /* AirPresentViewController.m in Sources */,
				1FA8743E12EB4A540002D169 /* AKAirplayManager.m in Sources */,
				1FA8743F12EB4A540002D169 /* AKDevice.m in Sources */,
				1FA8744012EB4A540002D169 /* AsyncSocket.m in Sources */,
				1FA8744712EB4A970002D169 /* UIApplication+AirPresent.m in Sources */,
			);
			runOnlyForDeploymentPostprocessing = 0;
		};
/* End PBXSourcesBuildPhase section */

/* Begin XCBuildConfiguration section */
		1D6058940D05DD3E006BFB54 /* Debug */ = {
			isa = XCBuildConfiguration;
			buildSettings = {
				ALWAYS_SEARCH_USER_PATHS = NO;
				COPY_PHASE_STRIP = NO;
				GCC_DYNAMIC_NO_PIC = NO;
				GCC_OPTIMIZATION_LEVEL = 0;
				GCC_PRECOMPILE_PREFIX_HEADER = YES;
				GCC_PREFIX_HEADER = AirPresent_Prefix.pch;
				INFOPLIST_FILE = "AirPresent-Info.plist";
				PRODUCT_NAME = AirPresent;
			};
			name = Debug;
		};
		1D6058950D05DD3E006BFB54 /* Release */ = {
			isa = XCBuildConfiguration;
			buildSettings = {
				ALWAYS_SEARCH_USER_PATHS = NO;
				COPY_PHASE_STRIP = YES;
				GCC_PRECOMPILE_PREFIX_HEADER = YES;
				GCC_PREFIX_HEADER = AirPresent_Prefix.pch;
				INFOPLIST_FILE = "AirPresent-Info.plist";
				PRODUCT_NAME = AirPresent;
				VALIDATE_PRODUCT = YES;
			};
			name = Release;
		};
		C01FCF4F08A954540054247B /* Debug */ = {
			isa = XCBuildConfiguration;
			buildSettings = {
				ARCHS = "$(ARCHS_STANDARD_32_BIT)";
				"CODE_SIGN_IDENTITY[sdk=iphoneos*]" = "iPhone Developer";
				GCC_C_LANGUAGE_STANDARD = c99;
				GCC_WARN_ABOUT_RETURN_TYPE = YES;
				GCC_WARN_UNUSED_VARIABLE = YES;
				PREBINDING = NO;
				SDKROOT = iphoneos;
			};
			name = Debug;
		};
		C01FCF5008A954540054247B /* Release */ = {
			isa = XCBuildConfiguration;
			buildSettings = {
				ARCHS = "$(ARCHS_STANDARD_32_BIT)";
				"CODE_SIGN_IDENTITY[sdk=iphoneos*]" = "iPhone Developer";
				GCC_C_LANGUAGE_STANDARD = c99;
				GCC_WARN_ABOUT_RETURN_TYPE = YES;
				GCC_WARN_UNUSED_VARIABLE = YES;
				OTHER_CFLAGS = "-DNS_BLOCK_ASSERTIONS=1";
				PREBINDING = NO;
				SDKROOT = iphoneos;
			};
			name = Release;
		};
/* End XCBuildConfiguration section */

/* Begin XCConfigurationList section */
		1D6058960D05DD3E006BFB54 /* Build configuration list for PBXNativeTarget "AirPresent" */ = {
			isa = XCConfigurationList;
			buildConfigurations = (
				1D6058940D05DD3E006BFB54 /* Debug */,
				1D6058950D05DD3E006BFB54 /* Release */,
			);
			defaultConfigurationIsVisible = 0;
			defaultConfigurationName = Release;
		};
		C01FCF4E08A954540054247B /* Build configuration list for PBXProject "AirPresent" */ = {
			isa = XCConfigurationList;
			buildConfigurations = (
				C01FCF4F08A954540054247B /* Debug */,
				C01FCF5008A954540054247B /* Release */,
			);
			defaultConfigurationIsVisible = 0;
			defaultConfigurationName = Release;
		};
/* End XCConfigurationList section */
	};
	rootObject = 29B97313FDCFA39411CA2CEA /* Project object */;
}
